{
  "version": 4,
  "terraform_version": "1.3.4",
  "serial": 25,
  "lineage": "dc1fe28e-41c2-a80a-11e4-9c22f1c1a1fb",
  "outputs": {},
  "resources": [
    {
      "mode": "data",
      "type": "archive_file",
      "name": "lambda",
      "provider": "provider[\"registry.terraform.io/hashicorp/archive\"]",
      "instances": [
        {
          "schema_version": 0,
          "attributes": {
            "excludes": null,
            "id": "ba237f68f3193b440e7fd12a702da2cc11f25ecc",
            "output_base64sha256": "dpD1vBz9Z7D0+a95Mgv6Y5T3WlGL9Lw30TQI3HZeqpA=",
            "output_md5": "b0441d56234cb353448e955d5953116f",
            "output_path": "./python/main.py.zip",
            "output_sha": "ba237f68f3193b440e7fd12a702da2cc11f25ecc",
            "output_size": 1006,
            "source": [],
            "source_content": null,
            "source_content_filename": null,
            "source_dir": null,
            "source_file": "./python/main.py",
            "type": "zip"
          },
          "sensitive_attributes": []
        }
      ]
    },
    {
      "mode": "managed",
      "type": "aws_cloudwatch_event_rule",
      "name": "minitues",
      "provider": "provider[\"registry.terraform.io/hashicorp/aws\"]",
      "instances": [
        {
          "schema_version": 0,
          "attributes": {
            "arn": "arn:aws:events:eu-west-1:733026618622:rule/lambda-aws-ec2-snapshot-event-rule",
            "description": "7-00 PM Monday through Fridays",
            "event_bus_name": "default",
            "event_pattern": null,
            "id": "lambda-aws-ec2-snapshot-event-rule",
            "is_enabled": true,
            "name": "lambda-aws-ec2-snapshot-event-rule",
            "name_prefix": "",
            "role_arn": "",
            "schedule_expression": "cron(0 0/4 * * ? *)",
            "tags": null,
            "tags_all": {}
          },
          "sensitive_attributes": [],
          "private": "bnVsbA=="
        }
      ]
    },
    {
      "mode": "managed",
      "type": "aws_cloudwatch_event_target",
      "name": "event_target",
      "provider": "provider[\"registry.terraform.io/hashicorp/aws\"]",
      "instances": [
        {
          "schema_version": 1,
          "attributes": {
            "arn": "arn:aws:lambda:eu-west-1:733026618622:function:lambda-aws-ec2-snapshot",
            "batch_target": [],
            "dead_letter_config": [],
            "ecs_target": [],
            "event_bus_name": "default",
            "http_target": [],
            "id": "lambda-aws-ec2-snapshot-event-rule-lambda",
            "input": "",
            "input_path": "",
            "input_transformer": [],
            "kinesis_target": [],
            "redshift_target": [],
            "retry_policy": [],
            "role_arn": "",
            "rule": "lambda-aws-ec2-snapshot-event-rule",
            "run_command_targets": [],
            "sqs_target": [],
            "target_id": "lambda"
          },
          "sensitive_attributes": [],
          "private": "eyJzY2hlbWFfdmVyc2lvbiI6IjEifQ==",
          "dependencies": [
            "aws_cloudwatch_event_rule.minitues",
            "aws_iam_role.iam_for_lambda",
            "aws_lambda_function.lambdaFn"
          ]
        }
      ]
    },
    {
      "mode": "managed",
      "type": "aws_iam_policy",
      "name": "policy",
      "provider": "provider[\"registry.terraform.io/hashicorp/aws\"]",
      "instances": [
        {
          "schema_version": 0,
          "attributes": {
            "arn": "arn:aws:iam::733026618622:policy/lambda-aws-ec2-snapshot-iamrole-policy",
            "description": "lambda-aws-ec2-snapshot iamrole policy",
            "id": "arn:aws:iam::733026618622:policy/lambda-aws-ec2-snapshot-iamrole-policy",
            "name": "lambda-aws-ec2-snapshot-iamrole-policy",
            "name_prefix": null,
            "path": "/",
            "policy": "{\"Statement\":[{\"Action\":[\"logs:CreateLogGroup\",\"logs:CreateLogStream\",\"logs:PutLogEvents\"],\"Effect\":\"Allow\",\"Resource\":\"arn:aws:logs:*:*:*\"},{\"Action\":[\"ec2:Start*\",\"ec2:DescribeInsta*\",\"ec2:DescribeVolume*\",\"ec2:CreateTag*\",\"ec2:DescribeTag*\",\"ec2:DescribeSnapshot*\",\"ec2:DeleteSnapsho*\",\"ec2:CreateSnapsho*\",\"cloudwatch:*\",\"events:*\"],\"Effect\":\"Allow\",\"Resource\":\"*\"}],\"Version\":\"2012-10-17\"}",
            "policy_id": "ANPA2VK6KRT7DQ5ABUQLV",
            "tags": null,
            "tags_all": {}
          },
          "sensitive_attributes": [],
          "private": "bnVsbA=="
        }
      ]
    },
    {
      "mode": "managed",
      "type": "aws_iam_role",
      "name": "iam_for_lambda",
      "provider": "provider[\"registry.terraform.io/hashicorp/aws\"]",
      "instances": [
        {
          "schema_version": 0,
          "attributes": {
            "arn": "arn:aws:iam::733026618622:role/lambda-aws-ec2-snapshot-iam-rule",
            "assume_role_policy": "{\"Statement\":[{\"Action\":\"sts:AssumeRole\",\"Effect\":\"Allow\",\"Principal\":{\"Service\":\"lambda.amazonaws.com\"},\"Sid\":\"\"}],\"Version\":\"2012-10-17\"}",
            "create_date": "2023-01-14T07:06:41Z",
            "description": "",
            "force_detach_policies": false,
            "id": "lambda-aws-ec2-snapshot-iam-rule",
            "inline_policy": [],
            "managed_policy_arns": [],
            "max_session_duration": 3600,
            "name": "lambda-aws-ec2-snapshot-iam-rule",
            "name_prefix": "",
            "path": "/",
            "permissions_boundary": null,
            "tags": null,
            "tags_all": {},
            "unique_id": "AROA2VK6KRT7NGA7PRH4J"
          },
          "sensitive_attributes": [],
          "private": "bnVsbA=="
        }
      ]
    },
    {
      "mode": "managed",
      "type": "aws_iam_role_policy_attachment",
      "name": "attach",
      "provider": "provider[\"registry.terraform.io/hashicorp/aws\"]",
      "instances": [
        {
          "schema_version": 0,
          "attributes": {
            "id": "lambda-aws-ec2-snapshot-iam-rule-20230114070642917100000001",
            "policy_arn": "arn:aws:iam::733026618622:policy/lambda-aws-ec2-snapshot-iamrole-policy",
            "role": "lambda-aws-ec2-snapshot-iam-rule"
          },
          "sensitive_attributes": [],
          "private": "bnVsbA==",
          "dependencies": [
            "aws_iam_policy.policy",
            "aws_iam_role.iam_for_lambda"
          ]
        }
      ]
    },
    {
      "mode": "managed",
      "type": "aws_lambda_function",
      "name": "lambdaFn",
      "provider": "provider[\"registry.terraform.io/hashicorp/aws\"]",
      "instances": [
        {
          "schema_version": 0,
          "attributes": {
            "architectures": [
              "x86_64"
            ],
            "arn": "arn:aws:lambda:eu-west-1:733026618622:function:lambda-aws-ec2-snapshot",
            "code_signing_config_arn": "",
            "dead_letter_config": [],
            "description": "",
            "environment": [
              {
                "variables": {
                  "region": "eu-west-1",
                  "tagname": "env",
                  "tagvalue": "dev"
                }
              }
            ],
            "ephemeral_storage": [
              {
                "size": 512
              }
            ],
            "file_system_config": [],
            "filename": "./python/main.py.zip",
            "function_name": "lambda-aws-ec2-snapshot",
            "handler": "main.lambda_handler",
            "id": "lambda-aws-ec2-snapshot",
            "image_config": [],
            "image_uri": "",
            "invoke_arn": "arn:aws:apigateway:eu-west-1:lambda:path/2015-03-31/functions/arn:aws:lambda:eu-west-1:733026618622:function:lambda-aws-ec2-snapshot/invocations",
            "kms_key_arn": "",
            "last_modified": "2023-01-14T07:06:58.721+0000",
            "layers": null,
            "memory_size": 128,
            "package_type": "Zip",
            "publish": false,
            "qualified_arn": "arn:aws:lambda:eu-west-1:733026618622:function:lambda-aws-ec2-snapshot:$LATEST",
            "qualified_invoke_arn": "arn:aws:apigateway:eu-west-1:lambda:path/2015-03-31/functions/arn:aws:lambda:eu-west-1:733026618622:function:lambda-aws-ec2-snapshot:$LATEST/invocations",
            "reserved_concurrent_executions": -1,
            "role": "arn:aws:iam::733026618622:role/lambda-aws-ec2-snapshot-iam-rule",
            "runtime": "python3.8",
            "s3_bucket": null,
            "s3_key": null,
            "s3_object_version": null,
            "signing_job_arn": "",
            "signing_profile_version_arn": "",
            "snap_start": [],
            "source_code_hash": "dpD1vBz9Z7D0+a95Mgv6Y5T3WlGL9Lw30TQI3HZeqpA=",
            "source_code_size": 1006,
            "tags": null,
            "tags_all": {},
            "timeout": 3,
            "timeouts": null,
            "tracing_config": [
              {
                "mode": "PassThrough"
              }
            ],
            "version": "$LATEST",
            "vpc_config": []
          },
          "sensitive_attributes": [],
          "private": "eyJlMmJmYjczMC1lY2FhLTExZTYtOGY4OC0zNDM2M2JjN2M0YzAiOnsiY3JlYXRlIjo2MDAwMDAwMDAwMDB9fQ==",
          "dependencies": [
            "aws_iam_role.iam_for_lambda"
          ]
        }
      ]
    },
    {
      "mode": "managed",
      "type": "aws_lambda_permission",
      "name": "allow_cloudwatch_to_call_check_foo",
      "provider": "provider[\"registry.terraform.io/hashicorp/aws\"]",
      "instances": [
        {
          "schema_version": 0,
          "attributes": {
            "action": "lambda:InvokeFunction",
            "event_source_token": null,
            "function_name": "lambda-aws-ec2-snapshot",
            "function_url_auth_type": null,
            "id": "AllowExecutionFromCloudWatch",
            "principal": "events.amazonaws.com",
            "principal_org_id": null,
            "qualifier": "",
            "source_account": null,
            "source_arn": "arn:aws:events:eu-west-1:733026618622:rule/lambda-aws-ec2-snapshot-event-rule",
            "statement_id": "AllowExecutionFromCloudWatch",
            "statement_id_prefix": ""
          },
          "sensitive_attributes": [],
          "private": "bnVsbA==",
          "dependencies": [
            "aws_cloudwatch_event_rule.minitues",
            "aws_iam_role.iam_for_lambda",
            "aws_lambda_function.lambdaFn"
          ]
        }
      ]
    }
  ],
  "check_results": null
}
