{
  "version": 4,
  "terraform_version": "1.3.4",
  "serial": 5,
  "lineage": "45e0dea4-a964-e24f-e82e-f19663a061e2",
  "outputs": {},
  "resources": [
    {
      "mode": "managed",
      "type": "aws_instance",
      "name": "example",
      "provider": "provider[\"registry.terraform.io/hashicorp/aws\"]",
      "instances": [
        {
          "schema_version": 1,
          "attributes": {
            "ami": "ami-0b5eea76982371e91",
            "arn": "arn:aws:ec2:us-east-1:733026618622:instance/i-0b6bc8011a31a4b78",
            "associate_public_ip_address": true,
            "availability_zone": "us-east-1a",
            "capacity_reservation_specification": [
              {
                "capacity_reservation_preference": "open",
                "capacity_reservation_target": []
              }
            ],
            "cpu_core_count": 1,
            "cpu_threads_per_core": 1,
            "credit_specification": [
              {
                "cpu_credits": "standard"
              }
            ],
            "disable_api_stop": false,
            "disable_api_termination": false,
            "ebs_block_device": [],
            "ebs_optimized": false,
            "enclave_options": [
              {
                "enabled": false
              }
            ],
            "ephemeral_block_device": [],
            "get_password_data": false,
            "hibernation": false,
            "host_id": null,
            "host_resource_group_arn": null,
            "iam_instance_profile": "",
            "id": "i-0b6bc8011a31a4b78",
            "instance_initiated_shutdown_behavior": "stop",
            "instance_state": "running",
            "instance_type": "t2.micro",
            "ipv6_address_count": 0,
            "ipv6_addresses": [],
            "key_name": "examplekey",
            "launch_template": [],
            "maintenance_options": [
              {
                "auto_recovery": "default"
              }
            ],
            "metadata_options": [
              {
                "http_endpoint": "enabled",
                "http_put_response_hop_limit": 1,
                "http_tokens": "optional",
                "instance_metadata_tags": "disabled"
              }
            ],
            "monitoring": false,
            "network_interface": [],
            "outpost_arn": "",
            "password_data": "",
            "placement_group": "",
            "placement_partition_number": null,
            "primary_network_interface_id": "eni-0250ee286e99c4574",
            "private_dns": "ip-172-31-89-141.ec2.internal",
            "private_dns_name_options": [
              {
                "enable_resource_name_dns_a_record": false,
                "enable_resource_name_dns_aaaa_record": false,
                "hostname_type": "ip-name"
              }
            ],
            "private_ip": "172.31.89.141",
            "public_dns": "ec2-54-209-120-80.compute-1.amazonaws.com",
            "public_ip": "54.209.120.80",
            "root_block_device": [
              {
                "delete_on_termination": true,
                "device_name": "/dev/xvda",
                "encrypted": false,
                "iops": 100,
                "kms_key_id": "",
                "tags": {},
                "throughput": 0,
                "volume_id": "vol-0e06bc57658ea3d97",
                "volume_size": 8,
                "volume_type": "gp2"
              }
            ],
            "secondary_private_ips": [],
            "security_groups": [
              "default"
            ],
            "source_dest_check": true,
            "subnet_id": "subnet-06065f96e55be23e4",
            "tags": null,
            "tags_all": {},
            "tenancy": "default",
            "timeouts": null,
            "user_data": null,
            "user_data_base64": null,
            "user_data_replace_on_change": false,
            "volume_tags": null,
            "vpc_security_group_ids": [
              "sg-0552081e06fd3efce"
            ]
          },
          "sensitive_attributes": [],
          "private": "eyJlMmJmYjczMC1lY2FhLTExZTYtOGY4OC0zNDM2M2JjN2M0YzAiOnsiY3JlYXRlIjo2MDAwMDAwMDAwMDAsImRlbGV0ZSI6MTIwMDAwMDAwMDAwMCwidXBkYXRlIjo2MDAwMDAwMDAwMDB9LCJzY2hlbWFfdmVyc2lvbiI6IjEifQ==",
          "dependencies": [
            "aws_key_pair.example"
          ]
        }
      ]
    },
    {
      "mode": "managed",
      "type": "aws_key_pair",
      "name": "example",
      "provider": "provider[\"registry.terraform.io/hashicorp/aws\"]",
      "instances": [
        {
          "schema_version": 1,
          "attributes": {
            "arn": "arn:aws:ec2:us-east-1:733026618622:key-pair/examplekey",
            "fingerprint": "c9:e5:7a:7a:1d:9d:1c:32:58:9a:c3:bc:bb:ed:17:4f",
            "id": "examplekey",
            "key_name": "examplekey",
            "key_name_prefix": "",
            "key_pair_id": "key-008ca8f0502c5deb7",
            "key_type": "rsa",
            "public_key": "ssh-rsa AAAAB3NzaC1yc2EAAAADAQABAAABgQC0iJOtNPEeqU2wlrJMOfDq5klBlQc1hLGjOK7WMjiyxiFNo0zL75v56VFbwK96WdvEnF5rkEl+cpwn1LRZGfRKomOCgMC+nTMyZxRGfjWv3EuCaylkJLAXWs7tMEwHesXGG6ag7CriXskncq1C9ZmWhI0NgcOlFGoJa0dplz8pLwb5YWByuyaEIIUGjEa1Wf6AZ0B4PCIfwEmbocAFx6PcSAO2M+TEK/OfzJLNnZO4TkwwO8u2hChM3QN4LbyBKOy5ZmT2jLzozd2qe0LWvxZx7jcooTITbstU8mnMhCS7ZDqK68DE0BG/ypYpmiW3z650xJJfOyGF3cgELolf1OAwPnmYjENGUMZ260m6iMueNrkk9zSydq7nPwSx1V47dXvjIlbSsNHXAfcKuWiUJ5TGKmeYatdenO5TbgPvyMY1gM28zMYZT3kBLhURPvkvzK9GNWNrkwr4V/bfbEgzLUpHlb5tb22gWvxc2rqV3gCBeHWybOCjW+/lFLZLzVZLAys= HOME-PC@DESKTOP-TB806IS",
            "tags": {},
            "tags_all": {}
          },
          "sensitive_attributes": [],
          "private": "eyJzY2hlbWFfdmVyc2lvbiI6IjEifQ=="
        }
      ]
    }
  ],
  "check_results": null
}
