{
  "version": 4,
  "terraform_version": "1.3.4",
  "serial": 38,
  "lineage": "21145b0f-b60f-2aad-af43-cb31924965e7",
  "outputs": {},
  "resources": [
    {
      "mode": "data",
      "type": "template_file",
      "name": "user_data",
      "provider": "provider[\"registry.terraform.io/hashicorp/template\"]",
      "instances": [
        {
          "schema_version": 0,
          "attributes": {
            "filename": null,
            "id": "0f01fa04917af0e6cd0da866d35b2068a1808cbe8d775a78eeae63c7aebbe20c",
            "rendered": "#!/usr/bin/env bash\nsudo apt update\nsudo apt install curl -y\ncurl -L https://raw.githubusercontent.com/cloudnloud/weekly-cloud-engineer-interview-program/main/week14-Terraform-Class7/aws-api-gateway-vpclink/kubeadm-docker-install.sh | sudo bash\nsudo docker run -d -p 8080:8080 --name node-apis jjino/node-server-app",
            "template": "#!/usr/bin/env bash\nsudo apt update\nsudo apt install curl -y\ncurl -L https://raw.githubusercontent.com/cloudnloud/weekly-cloud-engineer-interview-program/main/week14-Terraform-Class7/aws-api-gateway-vpclink/kubeadm-docker-install.sh | sudo bash\nsudo docker run -d -p 8080:8080 --name node-apis jjino/node-server-app",
            "vars": null
          },
          "sensitive_attributes": []
        }
      ]
    },
    {
      "mode": "managed",
      "type": "aws_api_gateway_account",
      "name": "demo",
      "provider": "provider[\"registry.terraform.io/hashicorp/aws\"]",
      "instances": [
        {
          "schema_version": 0,
          "attributes": {
            "cloudwatch_role_arn": "arn:aws:iam::414433653723:role/vijaycloudnloudgateway-cloudwatch",
            "id": "api-gateway-account",
            "throttle_settings": [
              {
                "burst_limit": 5000,
                "rate_limit": 10000
              }
            ]
          },
          "sensitive_attributes": [],
          "private": "bnVsbA==",
          "dependencies": [
            "aws_iam_role.cloudwatch"
          ]
        }
      ]
    },
    {
      "mode": "managed",
      "type": "aws_api_gateway_api_key",
      "name": "key",
      "provider": "provider[\"registry.terraform.io/hashicorp/aws\"]",
      "instances": [
        {
          "schema_version": 0,
          "attributes": {
            "arn": "arn:aws:apigateway:us-east-1::/apikeys/9v8589ncd4",
            "created_date": "2023-01-21T06:29:43Z",
            "description": "Managed by Terraform",
            "enabled": true,
            "id": "9v8589ncd4",
            "last_updated_date": "2023-01-21T06:29:43Z",
            "name": "vijaycloudnloudgateway-api-key",
            "tags": null,
            "tags_all": {},
            "value": "X087nmHoaw7GiwSj3iECL70VWkEEDZgU2gTHJazn"
          },
          "sensitive_attributes": [],
          "private": "bnVsbA=="
        }
      ]
    },
    {
      "mode": "managed",
      "type": "aws_api_gateway_deployment",
      "name": "all",
      "provider": "provider[\"registry.terraform.io/hashicorp/aws\"]",
      "instances": [
        {
          "schema_version": 0,
          "attributes": {
            "created_date": "2023-01-21T06:39:04Z",
            "description": "",
            "execution_arn": "arn:aws:execute-api:us-east-1:414433653723:azhukqwj6i/dev",
            "id": "n024de",
            "invoke_url": "https://azhukqwj6i.execute-api.us-east-1.amazonaws.com/dev",
            "rest_api_id": "azhukqwj6i",
            "stage_description": null,
            "stage_name": "dev",
            "triggers": null,
            "variables": null
          },
          "sensitive_attributes": [],
          "private": "bnVsbA==",
          "dependencies": [
            "aws_api_gateway_integration.get",
            "aws_api_gateway_method.get",
            "aws_api_gateway_resource.source",
            "aws_api_gateway_rest_api.api",
            "aws_api_gateway_vpc_link.example",
            "aws_lb.lb",
            "aws_subnet.subnet-1",
            "aws_subnet.subnet-2",
            "aws_subnet.subnet-3",
            "aws_vpc.vpc"
          ]
        }
      ]
    },
    {
      "mode": "managed",
      "type": "aws_api_gateway_integration",
      "name": "get",
      "provider": "provider[\"registry.terraform.io/hashicorp/aws\"]",
      "instances": [
        {
          "schema_version": 0,
          "attributes": {
            "cache_key_parameters": null,
            "cache_namespace": "iy7kd0",
            "connection_id": "7rsxs0",
            "connection_type": "VPC_LINK",
            "content_handling": "",
            "credentials": "",
            "http_method": "GET",
            "id": "agi-azhukqwj6i-iy7kd0-GET",
            "integration_http_method": "GET",
            "passthrough_behavior": "WHEN_NO_MATCH",
            "request_parameters": null,
            "request_templates": null,
            "resource_id": "iy7kd0",
            "rest_api_id": "azhukqwj6i",
            "timeout_milliseconds": 29000,
            "tls_config": [],
            "type": "HTTP",
            "uri": "http://duckduckgo-lb-ab8286735d13e50f.elb.us-east-1.amazonaws.com/getdata"
          },
          "sensitive_attributes": [],
          "private": "bnVsbA==",
          "dependencies": [
            "aws_api_gateway_method.get",
            "aws_api_gateway_resource.source",
            "aws_api_gateway_rest_api.api",
            "aws_api_gateway_vpc_link.example",
            "aws_lb.lb",
            "aws_subnet.subnet-1",
            "aws_subnet.subnet-2",
            "aws_subnet.subnet-3",
            "aws_vpc.vpc"
          ]
        }
      ]
    },
    {
      "mode": "managed",
      "type": "aws_api_gateway_integration",
      "name": "post",
      "provider": "provider[\"registry.terraform.io/hashicorp/aws\"]",
      "instances": [
        {
          "schema_version": 0,
          "attributes": {
            "cache_key_parameters": null,
            "cache_namespace": "iy7kd0",
            "connection_id": "7rsxs0",
            "connection_type": "VPC_LINK",
            "content_handling": "",
            "credentials": "",
            "http_method": "POST",
            "id": "agi-azhukqwj6i-iy7kd0-POST",
            "integration_http_method": "POST",
            "passthrough_behavior": "WHEN_NO_MATCH",
            "request_parameters": null,
            "request_templates": null,
            "resource_id": "iy7kd0",
            "rest_api_id": "azhukqwj6i",
            "timeout_milliseconds": 29000,
            "tls_config": [],
            "type": "HTTP",
            "uri": "http://duckduckgo-lb-ab8286735d13e50f.elb.us-east-1.amazonaws.com/adddata"
          },
          "sensitive_attributes": [],
          "private": "bnVsbA==",
          "dependencies": [
            "aws_api_gateway_method.post",
            "aws_api_gateway_resource.source",
            "aws_api_gateway_rest_api.api",
            "aws_api_gateway_vpc_link.example",
            "aws_lb.lb",
            "aws_subnet.subnet-1",
            "aws_subnet.subnet-2",
            "aws_subnet.subnet-3",
            "aws_vpc.vpc"
          ]
        }
      ]
    },
    {
      "mode": "managed",
      "type": "aws_api_gateway_method",
      "name": "get",
      "provider": "provider[\"registry.terraform.io/hashicorp/aws\"]",
      "instances": [
        {
          "schema_version": 0,
          "attributes": {
            "api_key_required": false,
            "authorization": "NONE",
            "authorization_scopes": null,
            "authorizer_id": null,
            "http_method": "GET",
            "id": "agm-azhukqwj6i-iy7kd0-GET",
            "operation_name": null,
            "request_models": null,
            "request_parameters": null,
            "request_validator_id": null,
            "resource_id": "iy7kd0",
            "rest_api_id": "azhukqwj6i"
          },
          "sensitive_attributes": [],
          "private": "bnVsbA==",
          "dependencies": [
            "aws_api_gateway_resource.source",
            "aws_api_gateway_rest_api.api"
          ]
        }
      ]
    },
    {
      "mode": "managed",
      "type": "aws_api_gateway_method",
      "name": "post",
      "provider": "provider[\"registry.terraform.io/hashicorp/aws\"]",
      "instances": [
        {
          "schema_version": 0,
          "attributes": {
            "api_key_required": false,
            "authorization": "NONE",
            "authorization_scopes": null,
            "authorizer_id": null,
            "http_method": "POST",
            "id": "agm-azhukqwj6i-iy7kd0-POST",
            "operation_name": null,
            "request_models": null,
            "request_parameters": null,
            "request_validator_id": null,
            "resource_id": "iy7kd0",
            "rest_api_id": "azhukqwj6i"
          },
          "sensitive_attributes": [],
          "private": "bnVsbA==",
          "dependencies": [
            "aws_api_gateway_resource.source",
            "aws_api_gateway_rest_api.api"
          ]
        }
      ]
    },
    {
      "mode": "managed",
      "type": "aws_api_gateway_method_response",
      "name": "get",
      "provider": "provider[\"registry.terraform.io/hashicorp/aws\"]",
      "instances": [
        {
          "schema_version": 0,
          "attributes": {
            "http_method": "GET",
            "id": "agmr-azhukqwj6i-iy7kd0-GET-200",
            "resource_id": "iy7kd0",
            "response_models": null,
            "response_parameters": null,
            "rest_api_id": "azhukqwj6i",
            "status_code": "200"
          },
          "sensitive_attributes": [],
          "private": "bnVsbA==",
          "dependencies": [
            "aws_api_gateway_method.get",
            "aws_api_gateway_resource.source",
            "aws_api_gateway_rest_api.api"
          ]
        }
      ]
    },
    {
      "mode": "managed",
      "type": "aws_api_gateway_method_response",
      "name": "post",
      "provider": "provider[\"registry.terraform.io/hashicorp/aws\"]",
      "instances": [
        {
          "schema_version": 0,
          "attributes": {
            "http_method": "POST",
            "id": "agmr-azhukqwj6i-iy7kd0-POST-200",
            "resource_id": "iy7kd0",
            "response_models": null,
            "response_parameters": null,
            "rest_api_id": "azhukqwj6i",
            "status_code": "200"
          },
          "sensitive_attributes": [],
          "private": "bnVsbA==",
          "dependencies": [
            "aws_api_gateway_method.post",
            "aws_api_gateway_resource.source",
            "aws_api_gateway_rest_api.api"
          ]
        }
      ]
    },
    {
      "mode": "managed",
      "type": "aws_api_gateway_method_settings",
      "name": "get",
      "provider": "provider[\"registry.terraform.io/hashicorp/aws\"]",
      "instances": [
        {
          "schema_version": 0,
          "attributes": {
            "id": "azhukqwj6i-prod-data/GET",
            "method_path": "data/GET",
            "rest_api_id": "azhukqwj6i",
            "settings": [
              {
                "cache_data_encrypted": false,
                "cache_ttl_in_seconds": 300,
                "caching_enabled": false,
                "data_trace_enabled": false,
                "logging_level": "INFO",
                "metrics_enabled": true,
                "require_authorization_for_cache_control": true,
                "throttling_burst_limit": -1,
                "throttling_rate_limit": -1,
                "unauthorized_cache_control_header_strategy": "SUCCEED_WITH_RESPONSE_HEADER"
              }
            ],
            "stage_name": "prod"
          },
          "sensitive_attributes": [],
          "private": "bnVsbA==",
          "dependencies": [
            "aws_api_gateway_deployment.all",
            "aws_api_gateway_integration.get",
            "aws_api_gateway_method.get",
            "aws_api_gateway_resource.source",
            "aws_api_gateway_rest_api.api",
            "aws_api_gateway_stage.all",
            "aws_api_gateway_vpc_link.example",
            "aws_cloudwatch_log_group.yada",
            "aws_lb.lb",
            "aws_subnet.subnet-1",
            "aws_subnet.subnet-2",
            "aws_subnet.subnet-3",
            "aws_vpc.vpc"
          ]
        }
      ]
    },
    {
      "mode": "managed",
      "type": "aws_api_gateway_method_settings",
      "name": "post",
      "provider": "provider[\"registry.terraform.io/hashicorp/aws\"]",
      "instances": [
        {
          "schema_version": 0,
          "attributes": {
            "id": "azhukqwj6i-prod-data/POST",
            "method_path": "data/POST",
            "rest_api_id": "azhukqwj6i",
            "settings": [
              {
                "cache_data_encrypted": false,
                "cache_ttl_in_seconds": 300,
                "caching_enabled": false,
                "data_trace_enabled": false,
                "logging_level": "INFO",
                "metrics_enabled": true,
                "require_authorization_for_cache_control": true,
                "throttling_burst_limit": -1,
                "throttling_rate_limit": -1,
                "unauthorized_cache_control_header_strategy": "SUCCEED_WITH_RESPONSE_HEADER"
              }
            ],
            "stage_name": "prod"
          },
          "sensitive_attributes": [],
          "private": "bnVsbA==",
          "dependencies": [
            "aws_api_gateway_deployment.all",
            "aws_api_gateway_integration.get",
            "aws_api_gateway_method.get",
            "aws_api_gateway_method.post",
            "aws_api_gateway_resource.source",
            "aws_api_gateway_rest_api.api",
            "aws_api_gateway_stage.all",
            "aws_api_gateway_vpc_link.example",
            "aws_cloudwatch_log_group.yada",
            "aws_lb.lb",
            "aws_subnet.subnet-1",
            "aws_subnet.subnet-2",
            "aws_subnet.subnet-3",
            "aws_vpc.vpc"
          ]
        }
      ]
    },
    {
      "mode": "managed",
      "type": "aws_api_gateway_resource",
      "name": "source",
      "provider": "provider[\"registry.terraform.io/hashicorp/aws\"]",
      "instances": [
        {
          "schema_version": 0,
          "attributes": {
            "id": "iy7kd0",
            "parent_id": "rxikckda3g",
            "path": "/data",
            "path_part": "data",
            "rest_api_id": "azhukqwj6i"
          },
          "sensitive_attributes": [],
          "private": "bnVsbA==",
          "dependencies": [
            "aws_api_gateway_rest_api.api"
          ]
        }
      ]
    },
    {
      "mode": "managed",
      "type": "aws_api_gateway_rest_api",
      "name": "api",
      "provider": "provider[\"registry.terraform.io/hashicorp/aws\"]",
      "instances": [
        {
          "schema_version": 0,
          "attributes": {
            "api_key_source": "HEADER",
            "arn": "arn:aws:apigateway:us-east-1::/restapis/azhukqwj6i",
            "binary_media_types": [],
            "body": null,
            "created_date": "2023-01-21T06:29:42Z",
            "description": "This is my API for demonstration purposes",
            "disable_execute_api_endpoint": false,
            "endpoint_configuration": [
              {
                "types": [
                  "REGIONAL"
                ],
                "vpc_endpoint_ids": []
              }
            ],
            "execution_arn": "arn:aws:execute-api:us-east-1:414433653723:azhukqwj6i",
            "id": "azhukqwj6i",
            "minimum_compression_size": -1,
            "name": "vijaycloudnloudgateway-api",
            "parameters": null,
            "policy": "",
            "put_rest_api_mode": null,
            "root_resource_id": "rxikckda3g",
            "tags": null,
            "tags_all": {}
          },
          "sensitive_attributes": [],
          "private": "bnVsbA=="
        }
      ]
    },
    {
      "mode": "managed",
      "type": "aws_api_gateway_stage",
      "name": "all",
      "provider": "provider[\"registry.terraform.io/hashicorp/aws\"]",
      "instances": [
        {
          "schema_version": 0,
          "attributes": {
            "access_log_settings": [
              {
                "destination_arn": "arn:aws:logs:us-east-1:414433653723:log-group:API-Gateway-Execution-Logs_azhukqwj6i/prod",
                "format": "{ \"requestId\":\"$context.requestId\", \"ip\": \"$context.identity.sourceIp\", \"caller\":\"$context.identity.caller\", \"user\":\"$context.identity.user\",\"requestTime\":\"$context.requestTime\", \"httpMethod\":\"$context.httpMethod\",\"resourcePath\":\"$context.resourcePath\", \"status\":\"$context.status\",\"protocol\":\"$context.protocol\", \"responseLength\":\"$context.responseLength\" }\n"
              }
            ],
            "arn": "arn:aws:apigateway:us-east-1::/restapis/azhukqwj6i/stages/prod",
            "cache_cluster_enabled": false,
            "cache_cluster_size": "",
            "canary_settings": [],
            "client_certificate_id": "",
            "deployment_id": "n024de",
            "description": "",
            "documentation_version": "",
            "execution_arn": "arn:aws:execute-api:us-east-1:414433653723:azhukqwj6i/prod",
            "id": "ags-azhukqwj6i-prod",
            "invoke_url": "https://azhukqwj6i.execute-api.us-east-1.amazonaws.com/prod",
            "rest_api_id": "azhukqwj6i",
            "stage_name": "prod",
            "tags": null,
            "tags_all": {},
            "variables": null,
            "web_acl_arn": "",
            "xray_tracing_enabled": false
          },
          "sensitive_attributes": [],
          "private": "bnVsbA==",
          "dependencies": [
            "aws_api_gateway_deployment.all",
            "aws_api_gateway_integration.get",
            "aws_api_gateway_method.get",
            "aws_api_gateway_resource.source",
            "aws_api_gateway_rest_api.api",
            "aws_api_gateway_vpc_link.example",
            "aws_cloudwatch_log_group.yada",
            "aws_lb.lb",
            "aws_subnet.subnet-1",
            "aws_subnet.subnet-2",
            "aws_subnet.subnet-3",
            "aws_vpc.vpc"
          ]
        }
      ]
    },
    {
      "mode": "managed",
      "type": "aws_api_gateway_vpc_link",
      "name": "example",
      "provider": "provider[\"registry.terraform.io/hashicorp/aws\"]",
      "instances": [
        {
          "schema_version": 0,
          "attributes": {
            "arn": "arn:aws:apigateway:us-east-1::/vpclinks/7rsxs0",
            "description": "example description",
            "id": "7rsxs0",
            "name": "duckduckgo-vpc-link",
            "tags": null,
            "tags_all": {},
            "target_arns": [
              "arn:aws:elasticloadbalancing:us-east-1:414433653723:loadbalancer/net/duckduckgo-lb/ab8286735d13e50f"
            ]
          },
          "sensitive_attributes": [],
          "private": "bnVsbA==",
          "dependencies": [
            "aws_lb.lb",
            "aws_subnet.subnet-1",
            "aws_subnet.subnet-2",
            "aws_subnet.subnet-3",
            "aws_vpc.vpc"
          ]
        }
      ]
    },
    {
      "mode": "managed",
      "type": "aws_cloudwatch_log_group",
      "name": "yada",
      "provider": "provider[\"registry.terraform.io/hashicorp/aws\"]",
      "instances": [
        {
          "schema_version": 0,
          "attributes": {
            "arn": "arn:aws:logs:us-east-1:414433653723:log-group:API-Gateway-Execution-Logs_azhukqwj6i/prod",
            "id": "API-Gateway-Execution-Logs_azhukqwj6i/prod",
            "kms_key_id": "",
            "name": "API-Gateway-Execution-Logs_azhukqwj6i/prod",
            "name_prefix": "",
            "retention_in_days": 0,
            "skip_destroy": false,
            "tags": null,
            "tags_all": {}
          },
          "sensitive_attributes": [],
          "private": "bnVsbA==",
          "dependencies": [
            "aws_api_gateway_rest_api.api"
          ]
        }
      ]
    },
    {
      "mode": "managed",
      "type": "aws_default_route_table",
      "name": "rt",
      "provider": "provider[\"registry.terraform.io/hashicorp/aws\"]",
      "instances": [
        {
          "schema_version": 0,
          "attributes": {
            "arn": "arn:aws:ec2:us-east-1:414433653723:route-table/rtb-05f98ce69fdfed8ad",
            "default_route_table_id": "rtb-05f98ce69fdfed8ad",
            "id": "rtb-05f98ce69fdfed8ad",
            "owner_id": "414433653723",
            "propagating_vgws": null,
            "route": [
              {
                "cidr_block": "0.0.0.0/0",
                "core_network_arn": "",
                "destination_prefix_list_id": "",
                "egress_only_gateway_id": "",
                "gateway_id": "igw-0bd4d7700e2c104b9",
                "instance_id": "",
                "ipv6_cidr_block": "",
                "nat_gateway_id": "",
                "network_interface_id": "",
                "transit_gateway_id": "",
                "vpc_endpoint_id": "",
                "vpc_peering_connection_id": ""
              }
            ],
            "tags": {
              "Name": "duckduckgo-vpc-rt"
            },
            "tags_all": {
              "Name": "duckduckgo-vpc-rt"
            },
            "timeouts": null,
            "vpc_id": "vpc-0caec834ebaed6d21"
          },
          "sensitive_attributes": [],
          "private": "eyJlMmJmYjczMC1lY2FhLTExZTYtOGY4OC0zNDM2M2JjN2M0YzAiOnsiY3JlYXRlIjoxMjAwMDAwMDAwMDAsInVwZGF0ZSI6MTIwMDAwMDAwMDAwfX0=",
          "dependencies": [
            "aws_internet_gateway.gw",
            "aws_vpc.vpc"
          ]
        }
      ]
    },
    {
      "mode": "managed",
      "type": "aws_default_security_group",
      "name": "neo-security-group",
      "provider": "provider[\"registry.terraform.io/hashicorp/aws\"]",
      "instances": [
        {
          "schema_version": 1,
          "attributes": {
            "arn": "arn:aws:ec2:us-east-1:414433653723:security-group/sg-0a31568c920708ea5",
            "description": "default VPC security group",
            "egress": [
              {
                "cidr_blocks": [
                  "0.0.0.0/0"
                ],
                "description": "",
                "from_port": 0,
                "ipv6_cidr_blocks": [],
                "prefix_list_ids": [],
                "protocol": "-1",
                "security_groups": [],
                "self": false,
                "to_port": 0
              }
            ],
            "id": "sg-0a31568c920708ea5",
            "ingress": [
              {
                "cidr_blocks": [
                  "0.0.0.0/0"
                ],
                "description": "",
                "from_port": 22,
                "ipv6_cidr_blocks": [],
                "prefix_list_ids": [],
                "protocol": "tcp",
                "security_groups": [],
                "self": false,
                "to_port": 22
              },
              {
                "cidr_blocks": [
                  "0.0.0.0/0"
                ],
                "description": "",
                "from_port": 443,
                "ipv6_cidr_blocks": [],
                "prefix_list_ids": [],
                "protocol": "tcp",
                "security_groups": [],
                "self": false,
                "to_port": 443
              },
              {
                "cidr_blocks": [
                  "0.0.0.0/0"
                ],
                "description": "",
                "from_port": 8080,
                "ipv6_cidr_blocks": [],
                "prefix_list_ids": [],
                "protocol": "tcp",
                "security_groups": [],
                "self": false,
                "to_port": 8080
              },
              {
                "cidr_blocks": [
                  "0.0.0.0/0"
                ],
                "description": "",
                "from_port": 80,
                "ipv6_cidr_blocks": [],
                "prefix_list_ids": [],
                "protocol": "tcp",
                "security_groups": [],
                "self": false,
                "to_port": 80
              }
            ],
            "name": "default",
            "name_prefix": "",
            "owner_id": "414433653723",
            "revoke_rules_on_delete": false,
            "tags": {
              "Name": "duckduckgo-neo-security-group"
            },
            "tags_all": {
              "Name": "duckduckgo-neo-security-group"
            },
            "vpc_id": "vpc-0caec834ebaed6d21"
          },
          "sensitive_attributes": [],
          "private": "eyJzY2hlbWFfdmVyc2lvbiI6IjEifQ==",
          "dependencies": [
            "aws_vpc.vpc"
          ]
        }
      ]
    },
    {
      "mode": "managed",
      "type": "aws_iam_role",
      "name": "cloudwatch",
      "provider": "provider[\"registry.terraform.io/hashicorp/aws\"]",
      "instances": [
        {
          "schema_version": 0,
          "attributes": {
            "arn": "arn:aws:iam::414433653723:role/vijaycloudnloudgateway-cloudwatch",
            "assume_role_policy": "{\"Statement\":[{\"Action\":\"sts:AssumeRole\",\"Effect\":\"Allow\",\"Principal\":{\"Service\":\"apigateway.amazonaws.com\"},\"Sid\":\"\"}],\"Version\":\"2012-10-17\"}",
            "create_date": "2023-01-21T06:29:42Z",
            "description": "",
            "force_detach_policies": false,
            "id": "vijaycloudnloudgateway-cloudwatch",
            "inline_policy": [],
            "managed_policy_arns": [],
            "max_session_duration": 3600,
            "name": "vijaycloudnloudgateway-cloudwatch",
            "name_prefix": "",
            "path": "/",
            "permissions_boundary": null,
            "tags": null,
            "tags_all": {},
            "unique_id": "AROAWA7RLWPNZFVUU6MZF"
          },
          "sensitive_attributes": [],
          "private": "bnVsbA=="
        }
      ]
    },
    {
      "mode": "managed",
      "type": "aws_iam_role_policy",
      "name": "cloudwatch",
      "provider": "provider[\"registry.terraform.io/hashicorp/aws\"]",
      "instances": [
        {
          "schema_version": 0,
          "attributes": {
            "id": "vijaycloudnloudgateway-cloudwatch:vijaycloudnloudgateway-cloudwatch-policy",
            "name": "vijaycloudnloudgateway-cloudwatch-policy",
            "name_prefix": null,
            "policy": "{\"Version\":\"2012-10-17\",\"Statement\":[{\"Action\":[\"logs:CreateLogGroup\",\"logs:CreateLogStream\",\"logs:DescribeLogGroups\",\"logs:DescribeLogStreams\",\"logs:PutLogEvents\",\"logs:GetLogEvents\",\"logs:FilterLogEvents\"],\"Effect\":\"Allow\",\"Resource\":\"*\"}]}",
            "role": "vijaycloudnloudgateway-cloudwatch"
          },
          "sensitive_attributes": [],
          "private": "bnVsbA==",
          "dependencies": [
            "aws_iam_role.cloudwatch"
          ]
        }
      ]
    },
    {
      "mode": "managed",
      "type": "aws_instance",
      "name": "neo-1",
      "provider": "provider[\"registry.terraform.io/hashicorp/aws\"]",
      "instances": [
        {
          "schema_version": 1,
          "attributes": {
            "ami": "ami-00874d747dde814fa",
            "arn": "arn:aws:ec2:us-east-1:414433653723:instance/i-04b945ce5fd177460",
            "associate_public_ip_address": false,
            "availability_zone": "us-east-1a",
            "capacity_reservation_specification": [
              {
                "capacity_reservation_preference": "open",
                "capacity_reservation_target": []
              }
            ],
            "cpu_core_count": 1,
            "cpu_threads_per_core": 1,
            "credit_specification": [
              {
                "cpu_credits": "standard"
              }
            ],
            "disable_api_stop": false,
            "disable_api_termination": false,
            "ebs_block_device": [],
            "ebs_optimized": false,
            "enclave_options": [
              {
                "enabled": false
              }
            ],
            "ephemeral_block_device": [],
            "get_password_data": false,
            "hibernation": false,
            "host_id": "",
            "host_resource_group_arn": null,
            "iam_instance_profile": "",
            "id": "i-04b945ce5fd177460",
            "instance_initiated_shutdown_behavior": "stop",
            "instance_state": "running",
            "instance_type": "t2.micro",
            "ipv6_address_count": 0,
            "ipv6_addresses": [],
            "key_name": "xps-add",
            "launch_template": [],
            "maintenance_options": [
              {
                "auto_recovery": "default"
              }
            ],
            "metadata_options": [
              {
                "http_endpoint": "enabled",
                "http_put_response_hop_limit": 1,
                "http_tokens": "optional",
                "instance_metadata_tags": "disabled"
              }
            ],
            "monitoring": false,
            "network_interface": [],
            "outpost_arn": "",
            "password_data": "",
            "placement_group": "",
            "placement_partition_number": 0,
            "primary_network_interface_id": "eni-0d65443daded89c81",
            "private_dns": "ip-10-0-1-134.ec2.internal",
            "private_dns_name_options": [
              {
                "enable_resource_name_dns_a_record": false,
                "enable_resource_name_dns_aaaa_record": false,
                "hostname_type": "ip-name"
              }
            ],
            "private_ip": "10.0.1.134",
            "public_dns": "",
            "public_ip": "",
            "root_block_device": [
              {
                "delete_on_termination": true,
                "device_name": "/dev/sda1",
                "encrypted": false,
                "iops": 100,
                "kms_key_id": "",
                "tags": {},
                "throughput": 0,
                "volume_id": "vol-04378d48810e6b267",
                "volume_size": 8,
                "volume_type": "gp2"
              }
            ],
            "secondary_private_ips": [],
            "security_groups": [],
            "source_dest_check": true,
            "subnet_id": "subnet-0acc65f6a66afbe8e",
            "tags": {
              "Name": "duckduckgo-neo-server-1"
            },
            "tags_all": {
              "Name": "duckduckgo-neo-server-1"
            },
            "tenancy": "default",
            "timeouts": null,
            "user_data": "291fe644ad8a6fbf320385982510a18c4a27abf4",
            "user_data_base64": null,
            "user_data_replace_on_change": false,
            "volume_tags": null,
            "vpc_security_group_ids": [
              "sg-0a31568c920708ea5"
            ]
          },
          "sensitive_attributes": [],
          "private": "eyJlMmJmYjczMC1lY2FhLTExZTYtOGY4OC0zNDM2M2JjN2M0YzAiOnsiY3JlYXRlIjo2MDAwMDAwMDAwMDAsImRlbGV0ZSI6MTIwMDAwMDAwMDAwMCwidXBkYXRlIjo2MDAwMDAwMDAwMDB9LCJzY2hlbWFfdmVyc2lvbiI6IjEifQ==",
          "dependencies": [
            "aws_default_security_group.neo-security-group",
            "aws_subnet.subnet-1",
            "aws_vpc.vpc",
            "data.template_file.user_data"
          ]
        }
      ]
    },
    {
      "mode": "managed",
      "type": "aws_instance",
      "name": "neo-2",
      "provider": "provider[\"registry.terraform.io/hashicorp/aws\"]",
      "instances": [
        {
          "schema_version": 1,
          "attributes": {
            "ami": "ami-00874d747dde814fa",
            "arn": "arn:aws:ec2:us-east-1:414433653723:instance/i-06bba68ee481f2447",
            "associate_public_ip_address": false,
            "availability_zone": "us-east-1b",
            "capacity_reservation_specification": [
              {
                "capacity_reservation_preference": "open",
                "capacity_reservation_target": []
              }
            ],
            "cpu_core_count": 1,
            "cpu_threads_per_core": 1,
            "credit_specification": [
              {
                "cpu_credits": "standard"
              }
            ],
            "disable_api_stop": false,
            "disable_api_termination": false,
            "ebs_block_device": [],
            "ebs_optimized": false,
            "enclave_options": [
              {
                "enabled": false
              }
            ],
            "ephemeral_block_device": [],
            "get_password_data": false,
            "hibernation": false,
            "host_id": "",
            "host_resource_group_arn": null,
            "iam_instance_profile": "",
            "id": "i-06bba68ee481f2447",
            "instance_initiated_shutdown_behavior": "stop",
            "instance_state": "running",
            "instance_type": "t2.micro",
            "ipv6_address_count": 0,
            "ipv6_addresses": [],
            "key_name": "xps-add",
            "launch_template": [],
            "maintenance_options": [
              {
                "auto_recovery": "default"
              }
            ],
            "metadata_options": [
              {
                "http_endpoint": "enabled",
                "http_put_response_hop_limit": 1,
                "http_tokens": "optional",
                "instance_metadata_tags": "disabled"
              }
            ],
            "monitoring": false,
            "network_interface": [],
            "outpost_arn": "",
            "password_data": "",
            "placement_group": "",
            "placement_partition_number": 0,
            "primary_network_interface_id": "eni-0dd20e14f4f42b5d7",
            "private_dns": "ip-10-0-2-225.ec2.internal",
            "private_dns_name_options": [
              {
                "enable_resource_name_dns_a_record": false,
                "enable_resource_name_dns_aaaa_record": false,
                "hostname_type": "ip-name"
              }
            ],
            "private_ip": "10.0.2.225",
            "public_dns": "",
            "public_ip": "",
            "root_block_device": [
              {
                "delete_on_termination": true,
                "device_name": "/dev/sda1",
                "encrypted": false,
                "iops": 100,
                "kms_key_id": "",
                "tags": {},
                "throughput": 0,
                "volume_id": "vol-0ae33f24a15c5d430",
                "volume_size": 8,
                "volume_type": "gp2"
              }
            ],
            "secondary_private_ips": [],
            "security_groups": [],
            "source_dest_check": true,
            "subnet_id": "subnet-0c845269221f42423",
            "tags": {
              "Name": "duckduckgo-neo-server-2"
            },
            "tags_all": {
              "Name": "duckduckgo-neo-server-2"
            },
            "tenancy": "default",
            "timeouts": null,
            "user_data": "291fe644ad8a6fbf320385982510a18c4a27abf4",
            "user_data_base64": null,
            "user_data_replace_on_change": false,
            "volume_tags": null,
            "vpc_security_group_ids": [
              "sg-0a31568c920708ea5"
            ]
          },
          "sensitive_attributes": [],
          "private": "eyJlMmJmYjczMC1lY2FhLTExZTYtOGY4OC0zNDM2M2JjN2M0YzAiOnsiY3JlYXRlIjo2MDAwMDAwMDAwMDAsImRlbGV0ZSI6MTIwMDAwMDAwMDAwMCwidXBkYXRlIjo2MDAwMDAwMDAwMDB9LCJzY2hlbWFfdmVyc2lvbiI6IjEifQ==",
          "dependencies": [
            "aws_default_security_group.neo-security-group",
            "aws_subnet.subnet-2",
            "aws_vpc.vpc",
            "data.template_file.user_data"
          ]
        }
      ]
    },
    {
      "mode": "managed",
      "type": "aws_internet_gateway",
      "name": "gw",
      "provider": "provider[\"registry.terraform.io/hashicorp/aws\"]",
      "instances": [
        {
          "schema_version": 0,
          "attributes": {
            "arn": "arn:aws:ec2:us-east-1:414433653723:internet-gateway/igw-0bd4d7700e2c104b9",
            "id": "igw-0bd4d7700e2c104b9",
            "owner_id": "414433653723",
            "tags": {
              "Name": "duckduckgo-vpc-gw"
            },
            "tags_all": {
              "Name": "duckduckgo-vpc-gw"
            },
            "timeouts": null,
            "vpc_id": "vpc-0caec834ebaed6d21"
          },
          "sensitive_attributes": [],
          "private": "eyJlMmJmYjczMC1lY2FhLTExZTYtOGY4OC0zNDM2M2JjN2M0YzAiOnsiY3JlYXRlIjoxMjAwMDAwMDAwMDAwLCJkZWxldGUiOjEyMDAwMDAwMDAwMDAsInVwZGF0ZSI6MTIwMDAwMDAwMDAwMH19",
          "dependencies": [
            "aws_vpc.vpc"
          ]
        }
      ]
    },
    {
      "mode": "managed",
      "type": "aws_lb",
      "name": "lb",
      "provider": "provider[\"registry.terraform.io/hashicorp/aws\"]",
      "instances": [
        {
          "schema_version": 0,
          "attributes": {
            "access_logs": [
              {
                "bucket": "",
                "enabled": false,
                "prefix": ""
              }
            ],
            "arn": "arn:aws:elasticloadbalancing:us-east-1:414433653723:loadbalancer/net/duckduckgo-lb/ab8286735d13e50f",
            "arn_suffix": "net/duckduckgo-lb/ab8286735d13e50f",
            "customer_owned_ipv4_pool": "",
            "desync_mitigation_mode": null,
            "dns_name": "duckduckgo-lb-ab8286735d13e50f.elb.us-east-1.amazonaws.com",
            "drop_invalid_header_fields": null,
            "enable_cross_zone_load_balancing": false,
            "enable_deletion_protection": false,
            "enable_http2": null,
            "enable_waf_fail_open": null,
            "id": "arn:aws:elasticloadbalancing:us-east-1:414433653723:loadbalancer/net/duckduckgo-lb/ab8286735d13e50f",
            "idle_timeout": null,
            "internal": true,
            "ip_address_type": "ipv4",
            "load_balancer_type": "network",
            "name": "duckduckgo-lb",
            "name_prefix": null,
            "preserve_host_header": null,
            "security_groups": [],
            "subnet_mapping": [
              {
                "allocation_id": "",
                "ipv6_address": "",
                "outpost_id": "",
                "private_ipv4_address": "",
                "subnet_id": "subnet-09a9e0837dde61eda"
              },
              {
                "allocation_id": "",
                "ipv6_address": "",
                "outpost_id": "",
                "private_ipv4_address": "",
                "subnet_id": "subnet-0acc65f6a66afbe8e"
              },
              {
                "allocation_id": "",
                "ipv6_address": "",
                "outpost_id": "",
                "private_ipv4_address": "",
                "subnet_id": "subnet-0c845269221f42423"
              }
            ],
            "subnets": [
              "subnet-09a9e0837dde61eda",
              "subnet-0acc65f6a66afbe8e",
              "subnet-0c845269221f42423"
            ],
            "tags": {
              "Name": "duckduckgo-lb"
            },
            "tags_all": {
              "Name": "duckduckgo-lb"
            },
            "timeouts": null,
            "vpc_id": "vpc-0caec834ebaed6d21",
            "zone_id": "Z26RNL4JYFTOTI"
          },
          "sensitive_attributes": [],
          "private": "eyJlMmJmYjczMC1lY2FhLTExZTYtOGY4OC0zNDM2M2JjN2M0YzAiOnsiY3JlYXRlIjo2MDAwMDAwMDAwMDAsImRlbGV0ZSI6NjAwMDAwMDAwMDAwLCJ1cGRhdGUiOjYwMDAwMDAwMDAwMH19",
          "dependencies": [
            "aws_subnet.subnet-1",
            "aws_subnet.subnet-2",
            "aws_subnet.subnet-3",
            "aws_vpc.vpc"
          ]
        }
      ]
    },
    {
      "mode": "managed",
      "type": "aws_lb_listener",
      "name": "front_end",
      "provider": "provider[\"registry.terraform.io/hashicorp/aws\"]",
      "instances": [
        {
          "schema_version": 0,
          "attributes": {
            "alpn_policy": null,
            "arn": "arn:aws:elasticloadbalancing:us-east-1:414433653723:listener/net/duckduckgo-lb/ab8286735d13e50f/d79e8f57c526ba98",
            "certificate_arn": null,
            "default_action": [
              {
                "authenticate_cognito": [],
                "authenticate_oidc": [],
                "fixed_response": [],
                "forward": [],
                "order": 1,
                "redirect": [],
                "target_group_arn": "arn:aws:elasticloadbalancing:us-east-1:414433653723:targetgroup/duckduckgo-lb-target-group/438ba737b3bd0990",
                "type": "forward"
              }
            ],
            "id": "arn:aws:elasticloadbalancing:us-east-1:414433653723:listener/net/duckduckgo-lb/ab8286735d13e50f/d79e8f57c526ba98",
            "load_balancer_arn": "arn:aws:elasticloadbalancing:us-east-1:414433653723:loadbalancer/net/duckduckgo-lb/ab8286735d13e50f",
            "port": 80,
            "protocol": "TCP",
            "ssl_policy": "",
            "tags": null,
            "tags_all": {},
            "timeouts": null
          },
          "sensitive_attributes": [],
          "private": "eyJlMmJmYjczMC1lY2FhLTExZTYtOGY4OC0zNDM2M2JjN2M0YzAiOnsicmVhZCI6NjAwMDAwMDAwMDAwfX0=",
          "dependencies": [
            "aws_lb.lb",
            "aws_lb_target_group.lb",
            "aws_subnet.subnet-1",
            "aws_subnet.subnet-2",
            "aws_subnet.subnet-3",
            "aws_vpc.vpc"
          ]
        }
      ]
    },
    {
      "mode": "managed",
      "type": "aws_lb_target_group",
      "name": "lb",
      "provider": "provider[\"registry.terraform.io/hashicorp/aws\"]",
      "instances": [
        {
          "schema_version": 0,
          "attributes": {
            "arn": "arn:aws:elasticloadbalancing:us-east-1:414433653723:targetgroup/duckduckgo-lb-target-group/438ba737b3bd0990",
            "arn_suffix": "targetgroup/duckduckgo-lb-target-group/438ba737b3bd0990",
            "connection_termination": false,
            "deregistration_delay": "300",
            "health_check": [
              {
                "enabled": true,
                "healthy_threshold": 5,
                "interval": 30,
                "matcher": "",
                "path": "",
                "port": "traffic-port",
                "protocol": "TCP",
                "timeout": 10,
                "unhealthy_threshold": 2
              }
            ],
            "id": "arn:aws:elasticloadbalancing:us-east-1:414433653723:targetgroup/duckduckgo-lb-target-group/438ba737b3bd0990",
            "ip_address_type": "ipv4",
            "lambda_multi_value_headers_enabled": false,
            "load_balancing_algorithm_type": null,
            "name": "duckduckgo-lb-target-group",
            "name_prefix": null,
            "port": 8080,
            "preserve_client_ip": "true",
            "protocol": "TCP",
            "protocol_version": null,
            "proxy_protocol_v2": false,
            "slow_start": 0,
            "stickiness": [
              {
                "cookie_duration": 0,
                "cookie_name": "",
                "enabled": false,
                "type": "source_ip"
              }
            ],
            "tags": null,
            "tags_all": {},
            "target_failover": [
              {
                "on_deregistration": null,
                "on_unhealthy": null
              }
            ],
            "target_type": "instance",
            "vpc_id": "vpc-0caec834ebaed6d21"
          },
          "sensitive_attributes": [],
          "private": "bnVsbA==",
          "dependencies": [
            "aws_vpc.vpc"
          ]
        }
      ]
    },
    {
      "mode": "managed",
      "type": "aws_lb_target_group_attachment",
      "name": "test",
      "provider": "provider[\"registry.terraform.io/hashicorp/aws\"]",
      "instances": [
        {
          "schema_version": 0,
          "attributes": {
            "availability_zone": null,
            "id": "arn:aws:elasticloadbalancing:us-east-1:414433653723:targetgroup/duckduckgo-lb-target-group/438ba737b3bd0990-20230121063041588700000004",
            "port": 8080,
            "target_group_arn": "arn:aws:elasticloadbalancing:us-east-1:414433653723:targetgroup/duckduckgo-lb-target-group/438ba737b3bd0990",
            "target_id": "i-04b945ce5fd177460"
          },
          "sensitive_attributes": [],
          "private": "bnVsbA==",
          "dependencies": [
            "aws_default_security_group.neo-security-group",
            "aws_instance.neo-1",
            "aws_lb_target_group.lb",
            "aws_subnet.subnet-1",
            "aws_vpc.vpc",
            "data.template_file.user_data"
          ]
        }
      ]
    },
    {
      "mode": "managed",
      "type": "aws_lb_target_group_attachment",
      "name": "test-1",
      "provider": "provider[\"registry.terraform.io/hashicorp/aws\"]",
      "instances": [
        {
          "schema_version": 0,
          "attributes": {
            "availability_zone": null,
            "id": "arn:aws:elasticloadbalancing:us-east-1:414433653723:targetgroup/duckduckgo-lb-target-group/438ba737b3bd0990-20230121063031327200000003",
            "port": 8080,
            "target_group_arn": "arn:aws:elasticloadbalancing:us-east-1:414433653723:targetgroup/duckduckgo-lb-target-group/438ba737b3bd0990",
            "target_id": "i-06bba68ee481f2447"
          },
          "sensitive_attributes": [],
          "private": "bnVsbA==",
          "dependencies": [
            "aws_default_security_group.neo-security-group",
            "aws_instance.neo-2",
            "aws_lb_target_group.lb",
            "aws_subnet.subnet-2",
            "aws_vpc.vpc",
            "data.template_file.user_data"
          ]
        }
      ]
    },
    {
      "mode": "managed",
      "type": "aws_route_table_association",
      "name": "subnet-1",
      "provider": "provider[\"registry.terraform.io/hashicorp/aws\"]",
      "instances": [
        {
          "schema_version": 0,
          "attributes": {
            "gateway_id": "",
            "id": "rtbassoc-0ad646f8060b43f08",
            "route_table_id": "rtb-05f98ce69fdfed8ad",
            "subnet_id": "subnet-0acc65f6a66afbe8e"
          },
          "sensitive_attributes": [],
          "private": "bnVsbA==",
          "dependencies": [
            "aws_subnet.subnet-1",
            "aws_vpc.vpc"
          ]
        }
      ]
    },
    {
      "mode": "managed",
      "type": "aws_route_table_association",
      "name": "subnet-2",
      "provider": "provider[\"registry.terraform.io/hashicorp/aws\"]",
      "instances": [
        {
          "schema_version": 0,
          "attributes": {
            "gateway_id": "",
            "id": "rtbassoc-0578e2070d1abaef3",
            "route_table_id": "rtb-05f98ce69fdfed8ad",
            "subnet_id": "subnet-0c845269221f42423"
          },
          "sensitive_attributes": [],
          "private": "bnVsbA==",
          "dependencies": [
            "aws_subnet.subnet-2",
            "aws_vpc.vpc"
          ]
        }
      ]
    },
    {
      "mode": "managed",
      "type": "aws_route_table_association",
      "name": "subnet-3",
      "provider": "provider[\"registry.terraform.io/hashicorp/aws\"]",
      "instances": [
        {
          "schema_version": 0,
          "attributes": {
            "gateway_id": "",
            "id": "rtbassoc-0fa1030cd0c0f3938",
            "route_table_id": "rtb-05f98ce69fdfed8ad",
            "subnet_id": "subnet-09a9e0837dde61eda"
          },
          "sensitive_attributes": [],
          "private": "bnVsbA==",
          "dependencies": [
            "aws_subnet.subnet-3",
            "aws_vpc.vpc"
          ]
        }
      ]
    },
    {
      "mode": "managed",
      "type": "aws_subnet",
      "name": "subnet-1",
      "provider": "provider[\"registry.terraform.io/hashicorp/aws\"]",
      "instances": [
        {
          "schema_version": 1,
          "attributes": {
            "arn": "arn:aws:ec2:us-east-1:414433653723:subnet/subnet-0acc65f6a66afbe8e",
            "assign_ipv6_address_on_creation": false,
            "availability_zone": "us-east-1a",
            "availability_zone_id": "use1-az4",
            "cidr_block": "10.0.1.0/24",
            "customer_owned_ipv4_pool": "",
            "enable_dns64": false,
            "enable_resource_name_dns_a_record_on_launch": false,
            "enable_resource_name_dns_aaaa_record_on_launch": false,
            "id": "subnet-0acc65f6a66afbe8e",
            "ipv6_cidr_block": "",
            "ipv6_cidr_block_association_id": "",
            "ipv6_native": false,
            "map_customer_owned_ip_on_launch": false,
            "map_public_ip_on_launch": false,
            "outpost_arn": "",
            "owner_id": "414433653723",
            "private_dns_hostname_type_on_launch": "ip-name",
            "tags": {
              "Name": "duckduckgo-vpc-subnet-1"
            },
            "tags_all": {
              "Name": "duckduckgo-vpc-subnet-1"
            },
            "timeouts": null,
            "vpc_id": "vpc-0caec834ebaed6d21"
          },
          "sensitive_attributes": [],
          "private": "eyJlMmJmYjczMC1lY2FhLTExZTYtOGY4OC0zNDM2M2JjN2M0YzAiOnsiY3JlYXRlIjo2MDAwMDAwMDAwMDAsImRlbGV0ZSI6MTIwMDAwMDAwMDAwMH0sInNjaGVtYV92ZXJzaW9uIjoiMSJ9",
          "dependencies": [
            "aws_vpc.vpc"
          ]
        }
      ]
    },
    {
      "mode": "managed",
      "type": "aws_subnet",
      "name": "subnet-2",
      "provider": "provider[\"registry.terraform.io/hashicorp/aws\"]",
      "instances": [
        {
          "schema_version": 1,
          "attributes": {
            "arn": "arn:aws:ec2:us-east-1:414433653723:subnet/subnet-0c845269221f42423",
            "assign_ipv6_address_on_creation": false,
            "availability_zone": "us-east-1b",
            "availability_zone_id": "use1-az6",
            "cidr_block": "10.0.2.0/24",
            "customer_owned_ipv4_pool": "",
            "enable_dns64": false,
            "enable_resource_name_dns_a_record_on_launch": false,
            "enable_resource_name_dns_aaaa_record_on_launch": false,
            "id": "subnet-0c845269221f42423",
            "ipv6_cidr_block": "",
            "ipv6_cidr_block_association_id": "",
            "ipv6_native": false,
            "map_customer_owned_ip_on_launch": false,
            "map_public_ip_on_launch": false,
            "outpost_arn": "",
            "owner_id": "414433653723",
            "private_dns_hostname_type_on_launch": "ip-name",
            "tags": {
              "Name": "duckduckgo-vpc-subnet-2"
            },
            "tags_all": {
              "Name": "duckduckgo-vpc-subnet-2"
            },
            "timeouts": null,
            "vpc_id": "vpc-0caec834ebaed6d21"
          },
          "sensitive_attributes": [],
          "private": "eyJlMmJmYjczMC1lY2FhLTExZTYtOGY4OC0zNDM2M2JjN2M0YzAiOnsiY3JlYXRlIjo2MDAwMDAwMDAwMDAsImRlbGV0ZSI6MTIwMDAwMDAwMDAwMH0sInNjaGVtYV92ZXJzaW9uIjoiMSJ9",
          "dependencies": [
            "aws_vpc.vpc"
          ]
        }
      ]
    },
    {
      "mode": "managed",
      "type": "aws_subnet",
      "name": "subnet-3",
      "provider": "provider[\"registry.terraform.io/hashicorp/aws\"]",
      "instances": [
        {
          "schema_version": 1,
          "attributes": {
            "arn": "arn:aws:ec2:us-east-1:414433653723:subnet/subnet-09a9e0837dde61eda",
            "assign_ipv6_address_on_creation": false,
            "availability_zone": "us-east-1c",
            "availability_zone_id": "use1-az1",
            "cidr_block": "10.0.3.0/24",
            "customer_owned_ipv4_pool": "",
            "enable_dns64": false,
            "enable_resource_name_dns_a_record_on_launch": false,
            "enable_resource_name_dns_aaaa_record_on_launch": false,
            "id": "subnet-09a9e0837dde61eda",
            "ipv6_cidr_block": "",
            "ipv6_cidr_block_association_id": "",
            "ipv6_native": false,
            "map_customer_owned_ip_on_launch": false,
            "map_public_ip_on_launch": false,
            "outpost_arn": "",
            "owner_id": "414433653723",
            "private_dns_hostname_type_on_launch": "ip-name",
            "tags": {
              "Name": "duckduckgo-vpc-subnet-3"
            },
            "tags_all": {
              "Name": "duckduckgo-vpc-subnet-3"
            },
            "timeouts": null,
            "vpc_id": "vpc-0caec834ebaed6d21"
          },
          "sensitive_attributes": [],
          "private": "eyJlMmJmYjczMC1lY2FhLTExZTYtOGY4OC0zNDM2M2JjN2M0YzAiOnsiY3JlYXRlIjo2MDAwMDAwMDAwMDAsImRlbGV0ZSI6MTIwMDAwMDAwMDAwMH0sInNjaGVtYV92ZXJzaW9uIjoiMSJ9",
          "dependencies": [
            "aws_vpc.vpc"
          ]
        }
      ]
    },
    {
      "mode": "managed",
      "type": "aws_vpc",
      "name": "vpc",
      "provider": "provider[\"registry.terraform.io/hashicorp/aws\"]",
      "instances": [
        {
          "schema_version": 1,
          "attributes": {
            "arn": "arn:aws:ec2:us-east-1:414433653723:vpc/vpc-0caec834ebaed6d21",
            "assign_generated_ipv6_cidr_block": false,
            "cidr_block": "10.0.0.0/16",
            "default_network_acl_id": "acl-0d022af5a0372b2bb",
            "default_route_table_id": "rtb-05f98ce69fdfed8ad",
            "default_security_group_id": "sg-0a31568c920708ea5",
            "dhcp_options_id": "dopt-0a25b1fb012bcaa24",
            "enable_classiclink": false,
            "enable_classiclink_dns_support": false,
            "enable_dns_hostnames": true,
            "enable_dns_support": true,
            "enable_network_address_usage_metrics": false,
            "id": "vpc-0caec834ebaed6d21",
            "instance_tenancy": "default",
            "ipv4_ipam_pool_id": null,
            "ipv4_netmask_length": null,
            "ipv6_association_id": "",
            "ipv6_cidr_block": "",
            "ipv6_cidr_block_network_border_group": "",
            "ipv6_ipam_pool_id": "",
            "ipv6_netmask_length": 0,
            "main_route_table_id": "rtb-05f98ce69fdfed8ad",
            "owner_id": "414433653723",
            "tags": {
              "Name": "duckduckgo-vpc"
            },
            "tags_all": {
              "Name": "duckduckgo-vpc"
            }
          },
          "sensitive_attributes": [],
          "private": "eyJzY2hlbWFfdmVyc2lvbiI6IjEifQ=="
        }
      ]
    }
  ],
  "check_results": null
}
