{
  "version": 4,
  "terraform_version": "1.3.4",
  "serial": 11,
  "lineage": "65f897e6-2c71-de67-e6a2-fdbdd9f51790",
  "outputs": {},
  "resources": [
    {
      "mode": "managed",
      "type": "local_file",
      "name": "pet",
      "provider": "provider[\"registry.terraform.io/hashicorp/local\"]",
      "instances": [
        {
          "schema_version": 0,
          "attributes": {
            "content": "We love more pets!!",
            "content_base64": null,
            "directory_permission": "0777",
            "file_permission": "0777",
            "filename": "vijay.txt",
            "id": "a9cf4743b15e60280f9dc13c06f097baff4dd26f",
            "sensitive_content": null,
            "source": null
          },
          "sensitive_attributes": [],
          "private": "bnVsbA=="
        }
      ]
    }
  ],
  "check_results": null
}
