{
  "version": 4,
  "terraform_version": "1.3.4",
  "serial": 1,
  "lineage": "b2213084-d028-2a0d-6728-a77d0e2b40b0",
  "outputs": {},
  "resources": [
    {
      "mode": "managed",
      "type": "aws_iam_policy",
      "name": "s3_policy",
      "provider": "provider[\"registry.terraform.io/hashicorp/aws\"]",
      "instances": [
        {
          "schema_version": 0,
          "attributes": {
            "arn": "arn:aws:iam::228610801142:policy/s3_policy_for_dev",
            "description": "",
            "id": "arn:aws:iam::228610801142:policy/s3_policy_for_dev",
            "name": "s3_policy_for_dev",
            "name_prefix": null,
            "path": "/",
            "policy": "{\"Statement\":[{\"Action\":\"s3:GetObject\",\"Effect\":\"Allow\",\"Resource\":\"*\"}],\"Version\":\"2012-10-17\"}",
            "policy_id": "ANPATKOSD7X3CF55VL5XA",
            "tags": null,
            "tags_all": {}
          },
          "sensitive_attributes": [],
          "private": "bnVsbA=="
        }
      ]
    }
  ],
  "check_results": null
}
